
Microsoft Visual Studio Solution File, Format Version 12.00
# Visual Studio 15
VisualStudioVersion = 15.0.27130.2026
MinimumVisualStudioVersion = 10.0.40219.1
Project("{2150E333-8FDC-42A3-9474-1A3956D46DE8}") = "src", "src", "{8E84072C-5B59-4195-9469-404D0A38CA66}"
EndProject
Project("{2150E333-8FDC-42A3-9474-1A3956D46DE8}") = "test", "test", "{41E1138E-59F8-4CCB-BCF2-94A98D86114E}"
EndProject
Project("{9A19103F-16F7-4668-BE54-9A1E7A4F7556}") = "Learning.EventStore", "src\Learning.EventStore\Learning.EventStore.csproj", "{DF108EC3-CED8-4D6E-B69E-0FC1A9606537}"
EndProject
Project("{9A19103F-16F7-4668-BE54-9A1E7A4F7556}") = "Learning.EventStore.Test", "test\Learning.EventStore.Test\Learning.EventStore.Test.csproj", "{83F80529-5B67-4BF8-90FB-26CD383D5B3B}"
EndProject
Project("{9A19103F-16F7-4668-BE54-9A1E7A4F7556}") = "Learning.MessageQueue", "src\Learning.MessageQueue\Learning.MessageQueue.csproj", "{7C0EBFDF-C931-4AE8-B9B0-C07557B87E8D}"
EndProject
Project("{9A19103F-16F7-4668-BE54-9A1E7A4F7556}") = "Learning.EventStore.Common", "src\Learning.EventStore.Common\Learning.EventStore.Common.csproj", "{B925961B-4B49-4D52-9F14-54A08AE2D01A}"
EndProject
Project("{9A19103F-16F7-4668-BE54-9A1E7A4F7556}") = "Learning.Cqrs", "src\Learning.Cqrs\Learning.Cqrs.csproj", "{EC8F243C-0D71-44CA-9E9F-F011831A3EED}"
EndProject
Project("{9A19103F-16F7-4668-BE54-9A1E7A4F7556}") = "Learning.Cqrs.Test", "test\Learning.Cqrs.Test\Learning.Cqrs.Test.csproj", "{9E78C584-932D-4D0F-9AD9-BC98DF376812}"
EndProject
Project("{2150E333-8FDC-42A3-9474-1A3956D46DE8}") = "sample", "sample", "{E7BBE83F-A968-4419-B5D5-176FA41EACD0}"
EndProject
Project("{9A19103F-16F7-4668-BE54-9A1E7A4F7556}") = "Learning.EventStore.Sample.Web", "sample\Learning.EventStore.Sample.Web\Learning.EventStore.Sample.Web.csproj", "{435EDD18-EBD3-47B3-ACF7-0361E70A1240}"
EndProject
Global
	GlobalSection(SolutionConfigurationPlatforms) = preSolution
		Debug|Any CPU = Debug|Any CPU
		Release|Any CPU = Release|Any CPU
	EndGlobalSection
	GlobalSection(ProjectConfigurationPlatforms) = postSolution
		{DF108EC3-CED8-4D6E-B69E-0FC1A9606537}.Debug|Any CPU.ActiveCfg = Debug|Any CPU
		{DF108EC3-CED8-4D6E-B69E-0FC1A9606537}.Debug|Any CPU.Build.0 = Debug|Any CPU
		{DF108EC3-CED8-4D6E-B69E-0FC1A9606537}.Release|Any CPU.ActiveCfg = Release|Any CPU
		{DF108EC3-CED8-4D6E-B69E-0FC1A9606537}.Release|Any CPU.Build.0 = Release|Any CPU
		{83F80529-5B67-4BF8-90FB-26CD383D5B3B}.Debug|Any CPU.ActiveCfg = Debug|Any CPU
		{83F80529-5B67-4BF8-90FB-26CD383D5B3B}.Debug|Any CPU.Build.0 = Debug|Any CPU
		{83F80529-5B67-4BF8-90FB-26CD383D5B3B}.Release|Any CPU.ActiveCfg = Release|Any CPU
		{83F80529-5B67-4BF8-90FB-26CD383D5B3B}.Release|Any CPU.Build.0 = Release|Any CPU
		{7C0EBFDF-C931-4AE8-B9B0-C07557B87E8D}.Debug|Any CPU.ActiveCfg = Debug|Any CPU
		{7C0EBFDF-C931-4AE8-B9B0-C07557B87E8D}.Debug|Any CPU.Build.0 = Debug|Any CPU
		{7C0EBFDF-C931-4AE8-B9B0-C07557B87E8D}.Release|Any CPU.ActiveCfg = Release|Any CPU
		{7C0EBFDF-C931-4AE8-B9B0-C07557B87E8D}.Release|Any CPU.Build.0 = Release|Any CPU
		{B925961B-4B49-4D52-9F14-54A08AE2D01A}.Debug|Any CPU.ActiveCfg = Debug|Any CPU
		{B925961B-4B49-4D52-9F14-54A08AE2D01A}.Debug|Any CPU.Build.0 = Debug|Any CPU
		{B925961B-4B49-4D52-9F14-54A08AE2D01A}.Release|Any CPU.ActiveCfg = Release|Any CPU
		{B925961B-4B49-4D52-9F14-54A08AE2D01A}.Release|Any CPU.Build.0 = Release|Any CPU
		{EC8F243C-0D71-44CA-9E9F-F011831A3EED}.Debug|Any CPU.ActiveCfg = Debug|Any CPU
		{EC8F243C-0D71-44CA-9E9F-F011831A3EED}.Debug|Any CPU.Build.0 = Debug|Any CPU
		{EC8F243C-0D71-44CA-9E9F-F011831A3EED}.Release|Any CPU.ActiveCfg = Release|Any CPU
		{EC8F243C-0D71-44CA-9E9F-F011831A3EED}.Release|Any CPU.Build.0 = Release|Any CPU
		{9E78C584-932D-4D0F-9AD9-BC98DF376812}.Debug|Any CPU.ActiveCfg = Debug|Any CPU
		{9E78C584-932D-4D0F-9AD9-BC98DF376812}.Debug|Any CPU.Build.0 = Debug|Any CPU
		{9E78C584-932D-4D0F-9AD9-BC98DF376812}.Release|Any CPU.ActiveCfg = Release|Any CPU
		{9E78C584-932D-4D0F-9AD9-BC98DF376812}.Release|Any CPU.Build.0 = Release|Any CPU
		{435EDD18-EBD3-47B3-ACF7-0361E70A1240}.Debug|Any CPU.ActiveCfg = Debug|Any CPU
		{435EDD18-EBD3-47B3-ACF7-0361E70A1240}.Debug|Any CPU.Build.0 = Debug|Any CPU
		{435EDD18-EBD3-47B3-ACF7-0361E70A1240}.Release|Any CPU.ActiveCfg = Release|Any CPU
		{435EDD18-EBD3-47B3-ACF7-0361E70A1240}.Release|Any CPU.Build.0 = Release|Any CPU
	EndGlobalSection
	GlobalSection(SolutionProperties) = preSolution
		HideSolutionNode = FALSE
	EndGlobalSection
	GlobalSection(NestedProjects) = preSolution
		{DF108EC3-CED8-4D6E-B69E-0FC1A9606537} = {8E84072C-5B59-4195-9469-404D0A38CA66}
		{83F80529-5B67-4BF8-90FB-26CD383D5B3B} = {41E1138E-59F8-4CCB-BCF2-94A98D86114E}
		{7C0EBFDF-C931-4AE8-B9B0-C07557B87E8D} = {8E84072C-5B59-4195-9469-404D0A38CA66}
		{B925961B-4B49-4D52-9F14-54A08AE2D01A} = {8E84072C-5B59-4195-9469-404D0A38CA66}
		{EC8F243C-0D71-44CA-9E9F-F011831A3EED} = {8E84072C-5B59-4195-9469-404D0A38CA66}
		{9E78C584-932D-4D0F-9AD9-BC98DF376812} = {41E1138E-59F8-4CCB-BCF2-94A98D86114E}
		{435EDD18-EBD3-47B3-ACF7-0361E70A1240} = {E7BBE83F-A968-4419-B5D5-176FA41EACD0}
	EndGlobalSection
	GlobalSection(ExtensibilityGlobals) = postSolution
		SolutionGuid = {0172F500-ACD9-4CB2-B4F4-27BF4EAF1612}
	EndGlobalSection
EndGlobal
